
Microsoft Visual Studio Solution File, Format Version 12.00
# Visual Studio 15
VisualStudioVersion = 15.0.28307.489
MinimumVisualStudioVersion = 10.0.40219.1
Project("{FAE04EC0-301F-11D3-BF4B-00C04F79EFBC}") = "AddToSQL", "AddToSQL\AddToSQL.csproj", "{0E817F0B-5B62-4A30-BE85-3A7A146AE526}"
EndProject
Project("{FAE04EC0-301F-11D3-BF4B-00C04F79EFBC}") = "MD5Lib", "MD5Hash\MD5Lib.csproj", "{EBBE151C-AB41-40CA-A472-E0A79E7BF0B1}"
EndProject
Project("{FAE04EC0-301F-11D3-BF4B-00C04F79EFBC}") = "SQLib", "SQLib\SQLib.csproj", "{DABB5A94-A238-4059-9AE8-D6A708C487DC}"
EndProject
Global
	GlobalSection(SolutionConfigurationPlatforms) = preSolution
		Debug|Any CPU = Debug|Any CPU
		Release|Any CPU = Release|Any CPU
	EndGlobalSection
	GlobalSection(ProjectConfigurationPlatforms) = postSolution
		{0E817F0B-5B62-4A30-BE85-3A7A146AE526}.Debug|Any CPU.ActiveCfg = Debug|Any CPU
		{0E817F0B-5B62-4A30-BE85-3A7A146AE526}.Debug|Any CPU.Build.0 = Debug|Any CPU
		{0E817F0B-5B62-4A30-BE85-3A7A146AE526}.Release|Any CPU.ActiveCfg = Release|Any CPU
		{0E817F0B-5B62-4A30-BE85-3A7A146AE526}.Release|Any CPU.Build.0 = Release|Any CPU
		{EBBE151C-AB41-40CA-A472-E0A79E7BF0B1}.Debug|Any CPU.ActiveCfg = Debug|Any CPU
		{EBBE151C-AB41-40CA-A472-E0A79E7BF0B1}.Debug|Any CPU.Build.0 = Debug|Any CPU
		{EBBE151C-AB41-40CA-A472-E0A79E7BF0B1}.Release|Any CPU.ActiveCfg = Release|Any CPU
		{EBBE151C-AB41-40CA-A472-E0A79E7BF0B1}.Release|Any CPU.Build.0 = Release|Any CPU
		{DABB5A94-A238-4059-9AE8-D6A708C487DC}.Debug|Any CPU.ActiveCfg = Debug|Any CPU
		{DABB5A94-A238-4059-9AE8-D6A708C487DC}.Debug|Any CPU.Build.0 = Debug|Any CPU
		{DABB5A94-A238-4059-9AE8-D6A708C487DC}.Release|Any CPU.ActiveCfg = Release|Any CPU
		{DABB5A94-A238-4059-9AE8-D6A708C487DC}.Release|Any CPU.Build.0 = Release|Any CPU
	EndGlobalSection
	GlobalSection(SolutionProperties) = preSolution
		HideSolutionNode = FALSE
	EndGlobalSection
	GlobalSection(ExtensibilityGlobals) = postSolution
		SolutionGuid = {B24177F6-9CDF-4BBD-858F-35795C07AE06}
	EndGlobalSection
EndGlobal
