
Microsoft Visual Studio Solution File, Format Version 12.00
# Visual Studio 15
VisualStudioVersion = 15.0.28307.489
MinimumVisualStudioVersion = 10.0.40219.1
Project("{FAE04EC0-301F-11D3-BF4B-00C04F79EFBC}") = "CourseProject", "CourseProject\CourseProject.csproj", "{2FBB3F85-AFC0-42B2-9BD3-C02A8663E142}"
EndProject
Global
	GlobalSection(SolutionConfigurationPlatforms) = preSolution
		Debug|Any CPU = Debug|Any CPU
		Release|Any CPU = Release|Any CPU
	EndGlobalSection
	GlobalSection(ProjectConfigurationPlatforms) = postSolution
		{2FBB3F85-AFC0-42B2-9BD3-C02A8663E142}.Debug|Any CPU.ActiveCfg = Debug|Any CPU
		{2FBB3F85-AFC0-42B2-9BD3-C02A8663E142}.Debug|Any CPU.Build.0 = Debug|Any CPU
		{2FBB3F85-AFC0-42B2-9BD3-C02A8663E142}.Release|Any CPU.ActiveCfg = Release|Any CPU
		{2FBB3F85-AFC0-42B2-9BD3-C02A8663E142}.Release|Any CPU.Build.0 = Release|Any CPU
	EndGlobalSection
	GlobalSection(SolutionProperties) = preSolution
		HideSolutionNode = FALSE
	EndGlobalSection
	GlobalSection(ExtensibilityGlobals) = postSolution
		SolutionGuid = {BC3A9113-9B5C-460E-AC92-2544887FF021}
	EndGlobalSection
EndGlobal
